
Microsoft Visual Studio Solution File, Format Version 12.00
# Visual Studio 15
VisualStudioVersion = 15.0.28010.2046
MinimumVisualStudioVersion = 10.0.40219.1
Project("{FAE04EC0-301F-11D3-BF4B-00C04F79EFBC}") = "AMM_Domain", "AMM_Domain\AMM_Domain.csproj", "{6A7652FC-C03C-4B8D-9B9E-1AA2094BF226}"
EndProject
Project("{FAE04EC0-301F-11D3-BF4B-00C04F79EFBC}") = "AMM_Desktop_Client", "AMM_Desktop_Client\AMM_Desktop_Client.csproj", "{CB483349-D474-4031-9EF4-49B94846D84F}"
EndProject
Global
	GlobalSection(SolutionConfigurationPlatforms) = preSolution
		Debug|Any CPU = Debug|Any CPU
		Release|Any CPU = Release|Any CPU
	EndGlobalSection
	GlobalSection(ProjectConfigurationPlatforms) = postSolution
		{6A7652FC-C03C-4B8D-9B9E-1AA2094BF226}.Debug|Any CPU.ActiveCfg = Debug|Any CPU
		{6A7652FC-C03C-4B8D-9B9E-1AA2094BF226}.Debug|Any CPU.Build.0 = Debug|Any CPU
		{6A7652FC-C03C-4B8D-9B9E-1AA2094BF226}.Release|Any CPU.ActiveCfg = Release|Any CPU
		{6A7652FC-C03C-4B8D-9B9E-1AA2094BF226}.Release|Any CPU.Build.0 = Release|Any CPU
		{CB483349-D474-4031-9EF4-49B94846D84F}.Debug|Any CPU.ActiveCfg = Debug|Any CPU
		{CB483349-D474-4031-9EF4-49B94846D84F}.Debug|Any CPU.Build.0 = Debug|Any CPU
		{CB483349-D474-4031-9EF4-49B94846D84F}.Release|Any CPU.ActiveCfg = Release|Any CPU
		{CB483349-D474-4031-9EF4-49B94846D84F}.Release|Any CPU.Build.0 = Release|Any CPU
	EndGlobalSection
	GlobalSection(SolutionProperties) = preSolution
		HideSolutionNode = FALSE
	EndGlobalSection
	GlobalSection(ExtensibilityGlobals) = postSolution
		SolutionGuid = {79E29020-7303-41CD-8E4E-64032880EA96}
	EndGlobalSection
EndGlobal
